{
  "name": "svelte-output",
  "requires": true,
  "lockfileVersion": 1,
  "dependencies": {
    "svelte": {
      "version": "1.43.0",
      "resolved": "https://registry.npmjs.org/svelte/-/svelte-1.43.0.tgz",
      "integrity": "sha512-feooOg74Zvi7rm6GEb2fGmAXtEX8PxJVJMntP1JwukMx2DmmkjDLqJMys1VpEB6uO5FZDqUDpOoBx9762pgs9Q==",
      "dev": true
    }
  }
}
