{
  "name": "svelte-output",
  "requires": true,
  "lockfileVersion": 1,
  "dependencies": {
    "svelte": {
      "version": "1.42.1",
      "resolved": "https://registry.npmjs.org/svelte/-/svelte-1.42.1.tgz",
      "integrity": "sha512-pv1Anz3v72fwEqJQKqyNNbasa5Tgx+mYbnzAEMK7PEys3G/gcUuVWmG8FrJ5dVpDo+CzUV5p4nKHpZldoPZNMg==",
      "dev": true
    }
  }
}
